
Microsoft Visual Studio Solution File, Format Version 12.00
# Visual Studio 15
VisualStudioVersion = 15.0.27703.2035
MinimumVisualStudioVersion = 10.0.40219.1
Project("{FAE04EC0-301F-11D3-BF4B-00C04F79EFBC}") = "Game1", "Game1\Game1.csproj", "{688FF0FD-647E-4377-B387-ACB4C3A709EE}"
EndProject
Global
	GlobalSection(SolutionConfigurationPlatforms) = preSolution
		Debug|Any CPU = Debug|Any CPU
		Release|Any CPU = Release|Any CPU
	EndGlobalSection
	GlobalSection(ProjectConfigurationPlatforms) = postSolution
		{688FF0FD-647E-4377-B387-ACB4C3A709EE}.Debug|Any CPU.ActiveCfg = Debug|Any CPU
		{688FF0FD-647E-4377-B387-ACB4C3A709EE}.Debug|Any CPU.Build.0 = Debug|Any CPU
		{688FF0FD-647E-4377-B387-ACB4C3A709EE}.Release|Any CPU.ActiveCfg = Release|Any CPU
		{688FF0FD-647E-4377-B387-ACB4C3A709EE}.Release|Any CPU.Build.0 = Release|Any CPU
	EndGlobalSection
	GlobalSection(SolutionProperties) = preSolution
		HideSolutionNode = FALSE
	EndGlobalSection
	GlobalSection(ExtensibilityGlobals) = postSolution
		SolutionGuid = {E749306F-0297-410B-ABBD-ADE50427702C}
	EndGlobalSection
EndGlobal
